{
  "nodes": {
    "crane": {
      "locked": {
        "lastModified": 1785782307,
        "narHash": "sha256-MPaRdVkf6zZP5fCPxYCi8Dr4pZzgmXzg8T9nVEbp3Mw=",
        "owner": "ipetkov",
        "repo": "crane",
        "rev": "2c71e194474d13de031d729b729c968ddbe3507f",
        "type": "github"
      },
      "original": {
        "owner": "ipetkov",
        "repo": "crane",
        "type": "github"
      }
    },
    "dotfiles": {
      "flake": false,
      "locked": {
        "lastModified": 1788418882,
        "narHash": "sha256-l3BCOrW5BYMYfNDS2GhdVPcttzxuFNXNc+UvZIA5nAk=",
        "owner": "stepankv",
        "repo": "dotfiles",
        "rev": "e203a7e3cdcb4cad50e164106eb8945973dd5ed1",
        "type": "github"
      },
      "original": {
        "owner": "stepankv",
        "repo": "dotfiles",
        "type": "github"
      }
    },
    "dotfiles-nvim": {
      "flake": false,
      "locked": {
        "lastModified": 1783580042,
        "narHash": "sha256-0zfog8svMcVofAxBS/cxBA9wvh5R+qzwaOERiDTo3U0=",
        "owner": "stepankv",
        "repo": "dotfiles.nvim",
        "rev": "bca345c8dde7f7e41578f1edc795c2173f2713bb",
        "type": "github"
      },
      "original": {
        "owner": "stepankv",
        "repo": "dotfiles.nvim",
        "type": "github"
      }
    },
    "flake-parts": {
      "inputs": {
        "nixpkgs-lib": "nixpkgs-lib"
      },
      "locked": {
        "lastModified": 1785627969,
        "narHash": "sha256-4dtXQk/NMePegK/nWp5NSeuZKLATItOq61lpEvmXqGw=",
        "owner": "hercules-ci",
        "repo": "flake-parts",
        "rev": "427bf4bd9435fdf21321c8cc628c24efc14c0f7a",
        "type": "github"
      },
      "original": {
        "owner": "hercules-ci",
        "repo": "flake-parts",
        "type": "github"
      }
    },
    "home-manager": {
      "inputs": {
        "nixpkgs": [
          "nixpkgs-stable"
        ]
      },
      "locked": {
        "lastModified": 1790215976,
        "narHash": "sha256-VkR1rMGyjU9jtw8ISFx5uqR9e+LEaOlhHwrseFkiIVk=",
        "owner": "nix-community",
        "repo": "home-manager",
        "rev": "a6631107a83ceab5872f298a2ea710859c80c4cb",
        "type": "github"
      },
      "original": {
        "owner": "nix-community",
        "ref": "release-26.05",
        "repo": "home-manager",
        "type": "github"
      }
    },
    "nixpkgs-lib": {
      "locked": {
        "lastModified": 1785031560,
        "narHash": "sha256-OmshNvn2vupOFpYinLUu+1Dnpu4n7Q5N3ggGVNHpkUI=",
        "owner": "nix-community",
        "repo": "nixpkgs.lib",
        "rev": "0e79af5e3d4dcfcd676ab5ba3f95d2e3352e078c",
        "type": "github"
      },
      "original": {
        "owner": "nix-community",
        "repo": "nixpkgs.lib",
        "type": "github"
      }
    },
    "nixpkgs-stable": {
      "locked": {
        "lastModified": 1790218706,
        "narHash": "sha256-6e4Na3z008XpdVyOXgfasXIn1aN+z8AXFG+jXdQSyuI=",
        "owner": "nixos",
        "repo": "nixpkgs",
        "rev": "c508844df6c28fa6dabc1b6af70f3ccbd65c5201",
        "type": "github"
      },
      "original": {
        "owner": "nixos",
        "ref": "nixos-26.05",
        "repo": "nixpkgs",
        "type": "github"
      }
    },
    "nixpkgs-unstable": {
      "locked": {
        "lastModified": 1790185690,
        "narHash": "sha256-xJ+X4hBtOcAFGBOe5nAMyMUeF9foJBmIOu3NjBqBycU=",
        "owner": "nixos",
        "repo": "nixpkgs",
        "rev": "4975466d324710c576dc11ad614684e6bd8cad8e",
        "type": "github"
      },
      "original": {
        "owner": "nixos",
        "ref": "nixos-unstable",
        "repo": "nixpkgs",
        "type": "github"
      }
    },
    "root": {
      "inputs": {
        "dotfiles": "dotfiles",
        "dotfiles-nvim": "dotfiles-nvim",
        "home-manager": "home-manager",
        "nixpkgs-stable": "nixpkgs-stable",
        "nixpkgs-unstable": "nixpkgs-unstable",
        "xremap-flake": "xremap-flake"
      }
    },
    "xremap": {
      "flake": false,
      "locked": {
        "lastModified": 1789212631,
        "narHash": "sha256-EOZjn1mObQV1C4VevrVdSPRdqw0q5vCLxDJOlIR19C4=",
        "owner": "k0kubun",
        "repo": "xremap",
        "rev": "e60bc3290e5b8fb4c8c4e9dada628570e8476cc1",
        "type": "github"
      },
      "original": {
        "owner": "k0kubun",
        "ref": "v0.15.13",
        "repo": "xremap",
        "type": "github"
      }
    },
    "xremap-flake": {
      "inputs": {
        "crane": "crane",
        "flake-parts": "flake-parts",
        "nixpkgs": [
          "nixpkgs-unstable"
        ],
        "xremap": "xremap"
      },
      "locked": {
        "lastModified": 1790012154,
        "narHash": "sha256-3FLWKPpVAb5ujjc9ZjQB1i1loCBcTydzDmfEV81O4O0=",
        "owner": "xremap",
        "repo": "nix-flake",
        "rev": "9ee9db5bcb1a3ef15b65ab1dcd5a7164657368eb",
        "type": "github"
      },
      "original": {
        "owner": "xremap",
        "repo": "nix-flake",
        "type": "github"
      }
    }
  },
  "root": "root",
  "version": 7
}
